// !$*UTF8*$!
{
	archiveVersion = 1;
	classes = {
	};
	objectVersion = 56;
	objects = {

/* Begin PBXBuildFile section */
		B5075C2E2BBF50480045F192 /* Protocols.swift in Sources */ = {isa = PBXBuildFile; fileRef = B5075C2D2BBF50480045F192 /* Protocols.swift */; };
		B54009E72BBD720900563279 /* CardModel.swift in Sources */ = {isa = PBXBuildFile; fileRef = B54009E62BBD720900563279 /* CardModel.swift */; };
		B54009EC2BBD74AF00563279 /* CardSymbols.swift in Sources */ = {isa = PBXBuildFile; fileRef = B54009EB2BBD74AF00563279 /* CardSymbols.swift */; };
		B54FC3132BBFEF5900E07838 /* ConfettiSwiftUI in Frameworks */ = {isa = PBXBuildFile; productRef = B54FC3122BBFEF5900E07838 /* ConfettiSwiftUI */; };
		B54FC3152BBFEF6000E07838 /* SFSymbolsMacro in Frameworks */ = {isa = PBXBuildFile; productRef = B54FC3142BBFEF6000E07838 /* SFSymbolsMacro */; };
		B54FC3172BBFF28600E07838 /* Assembly.swift in Sources */ = {isa = PBXBuildFile; fileRef = B54FC3162BBFF28600E07838 /* Assembly.swift */; };
		B54FC31F2BBFF45600E07838 /* EwaAssignmentGameModelTests.swift in Sources */ = {isa = PBXBuildFile; fileRef = B54FC31E2BBFF45600E07838 /* EwaAssignmentGameModelTests.swift */; };
		B54FC3252BBFF49600E07838 /* Protocols.swift in Sources */ = {isa = PBXBuildFile; fileRef = B5075C2D2BBF50480045F192 /* Protocols.swift */; };
		B54FC3262BBFF4C500E07838 /* StandardGameModel.swift in Sources */ = {isa = PBXBuildFile; fileRef = B5A9308B2BBD915400888073 /* StandardGameModel.swift */; };
		B54FC3272BBFF54500E07838 /* CardModel.swift in Sources */ = {isa = PBXBuildFile; fileRef = B54009E62BBD720900563279 /* CardModel.swift */; };
		B54FC3282BBFF56400E07838 /* CardSymbols.swift in Sources */ = {isa = PBXBuildFile; fileRef = B54009EB2BBD74AF00563279 /* CardSymbols.swift */; };
		B598E03B2BBC5A9000DF10EC /* EwaAssignmentApp.swift in Sources */ = {isa = PBXBuildFile; fileRef = B598E03A2BBC5A9000DF10EC /* EwaAssignmentApp.swift */; };
		B598E03D2BBC5A9000DF10EC /* GameView.swift in Sources */ = {isa = PBXBuildFile; fileRef = B598E03C2BBC5A9000DF10EC /* GameView.swift */; };
		B598E03F2BBC5A9000DF10EC /* Assets.xcassets in Resources */ = {isa = PBXBuildFile; fileRef = B598E03E2BBC5A9000DF10EC /* Assets.xcassets */; };
		B598E0422BBC5A9000DF10EC /* Preview Assets.xcassets in Resources */ = {isa = PBXBuildFile; fileRef = B598E0412BBC5A9000DF10EC /* Preview Assets.xcassets */; };
		B5A930882BBD777600888073 /* CardView.swift in Sources */ = {isa = PBXBuildFile; fileRef = B5A930872BBD777600888073 /* CardView.swift */; };
		B5A9308A2BBD8D9300888073 /* StandardViewModel.swift in Sources */ = {isa = PBXBuildFile; fileRef = B5A930892BBD8D9300888073 /* StandardViewModel.swift */; };
		B5A9308C2BBD915400888073 /* StandardGameModel.swift in Sources */ = {isa = PBXBuildFile; fileRef = B5A9308B2BBD915400888073 /* StandardGameModel.swift */; };
/* End PBXBuildFile section */

/* Begin PBXContainerItemProxy section */
		B54FC3202BBFF45600E07838 /* PBXContainerItemProxy */ = {
			isa = PBXContainerItemProxy;
			containerPortal = B598E02F2BBC5A8F00DF10EC /* Project object */;
			proxyType = 1;
			remoteGlobalIDString = B598E0362BBC5A9000DF10EC;
			remoteInfo = EwaAssignment;
		};
/* End PBXContainerItemProxy section */

/* Begin PBXFileReference section */
		B5075C2D2BBF50480045F192 /* Protocols.swift */ = {isa = PBXFileReference; lastKnownFileType = sourcecode.swift; path = Protocols.swift; sourceTree = "<group>"; };
		B54009E62BBD720900563279 /* CardModel.swift */ = {isa = PBXFileReference; lastKnownFileType = sourcecode.swift; path = CardModel.swift; sourceTree = "<group>"; };
		B54009EB2BBD74AF00563279 /* CardSymbols.swift */ = {isa = PBXFileReference; lastKnownFileType = sourcecode.swift; path = CardSymbols.swift; sourceTree = "<group>"; };
		B54FC3162BBFF28600E07838 /* Assembly.swift */ = {isa = PBXFileReference; lastKnownFileType = sourcecode.swift; path = Assembly.swift; sourceTree = "<group>"; };
		B54FC31C2BBFF45600E07838 /* EwaAssignmentBasicsTests.xctest */ = {isa = PBXFileReference; explicitFileType = wrapper.cfbundle; includeInIndex = 0; path = EwaAssignmentBasicsTests.xctest; sourceTree = BUILT_PRODUCTS_DIR; };
		B54FC31E2BBFF45600E07838 /* EwaAssignmentGameModelTests.swift */ = {isa = PBXFileReference; lastKnownFileType = sourcecode.swift; path = EwaAssignmentGameModelTests.swift; sourceTree = "<group>"; };
		B598E0372BBC5A9000DF10EC /* EwaAssignment.app */ = {isa = PBXFileReference; explicitFileType = wrapper.application; includeInIndex = 0; path = EwaAssignment.app; sourceTree = BUILT_PRODUCTS_DIR; };
		B598E03A2BBC5A9000DF10EC /* EwaAssignmentApp.swift */ = {isa = PBXFileReference; lastKnownFileType = sourcecode.swift; path = EwaAssignmentApp.swift; sourceTree = "<group>"; };
		B598E03C2BBC5A9000DF10EC /* GameView.swift */ = {isa = PBXFileReference; lastKnownFileType = sourcecode.swift; path = GameView.swift; sourceTree = "<group>"; };
		B598E03E2BBC5A9000DF10EC /* Assets.xcassets */ = {isa = PBXFileReference; lastKnownFileType = folder.assetcatalog; path = Assets.xcassets; sourceTree = "<group>"; };
		B598E0412BBC5A9000DF10EC /* Preview Assets.xcassets */ = {isa = PBXFileReference; lastKnownFileType = folder.assetcatalog; path = "Preview Assets.xcassets"; sourceTree = "<group>"; };
		B5A930872BBD777600888073 /* CardView.swift */ = {isa = PBXFileReference; lastKnownFileType = sourcecode.swift; path = CardView.swift; sourceTree = "<group>"; };
		B5A930892BBD8D9300888073 /* StandardViewModel.swift */ = {isa = PBXFileReference; lastKnownFileType = sourcecode.swift; path = StandardViewModel.swift; sourceTree = "<group>"; };
		B5A9308B2BBD915400888073 /* StandardGameModel.swift */ = {isa = PBXFileReference; lastKnownFileType = sourcecode.swift; path = StandardGameModel.swift; sourceTree = "<group>"; };
/* End PBXFileReference section */

/* Begin PBXFrameworksBuildPhase section */
		B54FC3192BBFF45600E07838 /* Frameworks */ = {
			isa = PBXFrameworksBuildPhase;
			buildActionMask = 2147483647;
			files = (
			);
			runOnlyForDeploymentPostprocessing = 0;
		};
		B598E0342BBC5A9000DF10EC /* Frameworks */ = {
			isa = PBXFrameworksBuildPhase;
			buildActionMask = 2147483647;
			files = (
				B54FC3152BBFEF6000E07838 /* SFSymbolsMacro in Frameworks */,
				B54FC3132BBFEF5900E07838 /* ConfettiSwiftUI in Frameworks */,
			);
			runOnlyForDeploymentPostprocessing = 0;
		};
/* End PBXFrameworksBuildPhase section */

/* Begin PBXGroup section */
		B54FC31D2BBFF45600E07838 /* EwaAssignmentBasicsTests */ = {
			isa = PBXGroup;
			children = (
				B54FC31E2BBFF45600E07838 /* EwaAssignmentGameModelTests.swift */,
			);
			path = EwaAssignmentBasicsTests;
			sourceTree = "<group>";
		};
		B598E02E2BBC5A8F00DF10EC = {
			isa = PBXGroup;
			children = (
				B598E0392BBC5A9000DF10EC /* EwaAssignment */,
				B54FC31D2BBFF45600E07838 /* EwaAssignmentBasicsTests */,
				B598E0382BBC5A9000DF10EC /* Products */,
			);
			sourceTree = "<group>";
		};
		B598E0382BBC5A9000DF10EC /* Products */ = {
			isa = PBXGroup;
			children = (
				B598E0372BBC5A9000DF10EC /* EwaAssignment.app */,
				B54FC31C2BBFF45600E07838 /* EwaAssignmentBasicsTests.xctest */,
			);
			name = Products;
			sourceTree = "<group>";
		};
		B598E0392BBC5A9000DF10EC /* EwaAssignment */ = {
			isa = PBXGroup;
			children = (
				B54FC3162BBFF28600E07838 /* Assembly.swift */,
				B5075C2D2BBF50480045F192 /* Protocols.swift */,
				B598E03A2BBC5A9000DF10EC /* EwaAssignmentApp.swift */,
				B5A930872BBD777600888073 /* CardView.swift */,
				B54009E62BBD720900563279 /* CardModel.swift */,
				B54009EB2BBD74AF00563279 /* CardSymbols.swift */,
				B598E03C2BBC5A9000DF10EC /* GameView.swift */,
				B5A9308B2BBD915400888073 /* StandardGameModel.swift */,
				B5A930892BBD8D9300888073 /* StandardViewModel.swift */,
				B598E03E2BBC5A9000DF10EC /* Assets.xcassets */,
				B598E0402BBC5A9000DF10EC /* Preview Content */,
			);
			path = EwaAssignment;
			sourceTree = "<group>";
		};
		B598E0402BBC5A9000DF10EC /* Preview Content */ = {
			isa = PBXGroup;
			children = (
				B598E0412BBC5A9000DF10EC /* Preview Assets.xcassets */,
			);
			path = "Preview Content";
			sourceTree = "<group>";
		};
/* End PBXGroup section */

/* Begin PBXNativeTarget section */
		B54FC31B2BBFF45600E07838 /* EwaAssignmentBasicsTests */ = {
			isa = PBXNativeTarget;
			buildConfigurationList = B54FC3222BBFF45600E07838 /* Build configuration list for PBXNativeTarget "EwaAssignmentBasicsTests" */;
			buildPhases = (
				B54FC3182BBFF45600E07838 /* Sources */,
				B54FC3192BBFF45600E07838 /* Frameworks */,
				B54FC31A2BBFF45600E07838 /* Resources */,
			);
			buildRules = (
			);
			dependencies = (
				B54FC3212BBFF45600E07838 /* PBXTargetDependency */,
			);
			name = EwaAssignmentBasicsTests;
			productName = EwaAssignmentBasicsTests;
			productReference = B54FC31C2BBFF45600E07838 /* EwaAssignmentBasicsTests.xctest */;
			productType = "com.apple.product-type.bundle.unit-test";
		};
		B598E0362BBC5A9000DF10EC /* EwaAssignment */ = {
			isa = PBXNativeTarget;
			buildConfigurationList = B598E0452BBC5A9000DF10EC /* Build configuration list for PBXNativeTarget "EwaAssignment" */;
			buildPhases = (
				B598E0332BBC5A9000DF10EC /* Sources */,
				B598E0342BBC5A9000DF10EC /* Frameworks */,
				B598E0352BBC5A9000DF10EC /* Resources */,
			);
			buildRules = (
			);
			dependencies = (
			);
			name = EwaAssignment;
			packageProductDependencies = (
				B54FC3122BBFEF5900E07838 /* ConfettiSwiftUI */,
				B54FC3142BBFEF6000E07838 /* SFSymbolsMacro */,
			);
			productName = EwaAssignment;
			productReference = B598E0372BBC5A9000DF10EC /* EwaAssignment.app */;
			productType = "com.apple.product-type.application";
		};
/* End PBXNativeTarget section */

/* Begin PBXProject section */
		B598E02F2BBC5A8F00DF10EC /* Project object */ = {
			isa = PBXProject;
			attributes = {
				BuildIndependentTargetsInParallel = 1;
				LastSwiftUpdateCheck = 1530;
				LastUpgradeCheck = 1530;
				TargetAttributes = {
					B54FC31B2BBFF45600E07838 = {
						CreatedOnToolsVersion = 15.3;
						TestTargetID = B598E0362BBC5A9000DF10EC;
					};
					B598E0362BBC5A9000DF10EC = {
						CreatedOnToolsVersion = 15.3;
					};
				};
			};
			buildConfigurationList = B598E0322BBC5A9000DF10EC /* Build configuration list for PBXProject "EwaAssignment" */;
			compatibilityVersion = "Xcode 14.0";
			developmentRegion = en;
			hasScannedForEncodings = 0;
			knownRegions = (
				en,
				Base,
			);
			mainGroup = B598E02E2BBC5A8F00DF10EC;
			packageReferences = (
				B54009E82BBD743800563279 /* XCRemoteSwiftPackageReference "SFSymbolsMacro" */,
				B5075C2A2BBF4CA10045F192 /* XCRemoteSwiftPackageReference "ConfettiSwiftUI" */,
			);
			productRefGroup = B598E0382BBC5A9000DF10EC /* Products */;
			projectDirPath = "";
			projectRoot = "";
			targets = (
				B598E0362BBC5A9000DF10EC /* EwaAssignment */,
				B54FC31B2BBFF45600E07838 /* EwaAssignmentBasicsTests */,
			);
		};
/* End PBXProject section */

/* Begin PBXResourcesBuildPhase section */
		B54FC31A2BBFF45600E07838 /* Resources */ = {
			isa = PBXResourcesBuildPhase;
			buildActionMask = 2147483647;
			files = (
			);
			runOnlyForDeploymentPostprocessing = 0;
		};
		B598E0352BBC5A9000DF10EC /* Resources */ = {
			isa = PBXResourcesBuildPhase;
			buildActionMask = 2147483647;
			files = (
				B598E0422BBC5A9000DF10EC /* Preview Assets.xcassets in Resources */,
				B598E03F2BBC5A9000DF10EC /* Assets.xcassets in Resources */,
			);
			runOnlyForDeploymentPostprocessing = 0;
		};
/* End PBXResourcesBuildPhase section */

/* Begin PBXSourcesBuildPhase section */
		B54FC3182BBFF45600E07838 /* Sources */ = {
			isa = PBXSourcesBuildPhase;
			buildActionMask = 2147483647;
			files = (
				B54FC3262BBFF4C500E07838 /* StandardGameModel.swift in Sources */,
				B54FC3272BBFF54500E07838 /* CardModel.swift in Sources */,
				B54FC31F2BBFF45600E07838 /* EwaAssignmentGameModelTests.swift in Sources */,
				B54FC3282BBFF56400E07838 /* CardSymbols.swift in Sources */,
				B54FC3252BBFF49600E07838 /* Protocols.swift in Sources */,
			);
			runOnlyForDeploymentPostprocessing = 0;
		};
		B598E0332BBC5A9000DF10EC /* Sources */ = {
			isa = PBXSourcesBuildPhase;
			buildActionMask = 2147483647;
			files = (
				B5A9308A2BBD8D9300888073 /* StandardViewModel.swift in Sources */,
				B598E03D2BBC5A9000DF10EC /* GameView.swift in Sources */,
				B598E03B2BBC5A9000DF10EC /* EwaAssignmentApp.swift in Sources */,
				B54009E72BBD720900563279 /* CardModel.swift in Sources */,
				B54FC3172BBFF28600E07838 /* Assembly.swift in Sources */,
				B54009EC2BBD74AF00563279 /* CardSymbols.swift in Sources */,
				B5A9308C2BBD915400888073 /* StandardGameModel.swift in Sources */,
				B5A930882BBD777600888073 /* CardView.swift in Sources */,
				B5075C2E2BBF50480045F192 /* Protocols.swift in Sources */,
			);
			runOnlyForDeploymentPostprocessing = 0;
		};
/* End PBXSourcesBuildPhase section */

/* Begin PBXTargetDependency section */
		B54FC3212BBFF45600E07838 /* PBXTargetDependency */ = {
			isa = PBXTargetDependency;
			target = B598E0362BBC5A9000DF10EC /* EwaAssignment */;
			targetProxy = B54FC3202BBFF45600E07838 /* PBXContainerItemProxy */;
		};
/* End PBXTargetDependency section */

/* Begin XCBuildConfiguration section */
		B54FC3232BBFF45600E07838 /* Debug */ = {
			isa = XCBuildConfiguration;
			buildSettings = {
				BUNDLE_LOADER = "$(TEST_HOST)";
				CODE_SIGN_STYLE = Automatic;
				CURRENT_PROJECT_VERSION = 1;
				DEVELOPMENT_TEAM = Q3P95MDH6Q;
				GENERATE_INFOPLIST_FILE = YES;
				IPHONEOS_DEPLOYMENT_TARGET = 17.1;
				MARKETING_VERSION = 1.0;
				PRODUCT_BUNDLE_IDENTIFIER = com.maksimMitrofanov.EwaAssignmentBasicsTests;
				PRODUCT_NAME = "$(TARGET_NAME)";
				SWIFT_EMIT_LOC_STRINGS = NO;
				SWIFT_VERSION = 5.0;
				TARGETED_DEVICE_FAMILY = "1,2";
				TEST_HOST = "$(BUILT_PRODUCTS_DIR)/EwaAssignment.app/$(BUNDLE_EXECUTABLE_FOLDER_PATH)/EwaAssignment";
			};
			name = Debug;
		};
		B54FC3242BBFF45600E07838 /* Release */ = {
			isa = XCBuildConfiguration;
			buildSettings = {
				BUNDLE_LOADER = "$(TEST_HOST)";
				CODE_SIGN_STYLE = Automatic;
				CURRENT_PROJECT_VERSION = 1;
				DEVELOPMENT_TEAM = Q3P95MDH6Q;
				GENERATE_INFOPLIST_FILE = YES;
				IPHONEOS_DEPLOYMENT_TARGET = 17.1;
				MARKETING_VERSION = 1.0;
				PRODUCT_BUNDLE_IDENTIFIER = com.maksimMitrofanov.EwaAssignmentBasicsTests;
				PRODUCT_NAME = "$(TARGET_NAME)";
				SWIFT_EMIT_LOC_STRINGS = NO;
				SWIFT_VERSION = 5.0;
				TARGETED_DEVICE_FAMILY = "1,2";
				TEST_HOST = "$(BUILT_PRODUCTS_DIR)/EwaAssignment.app/$(BUNDLE_EXECUTABLE_FOLDER_PATH)/EwaAssignment";
			};
			name = Release;
		};
		B598E0432BBC5A9000DF10EC /* Debug */ = {
			isa = XCBuildConfiguration;
			buildSettings = {
				ALWAYS_SEARCH_USER_PATHS = NO;
				ASSETCATALOG_COMPILER_GENERATE_SWIFT_ASSET_SYMBOL_EXTENSIONS = YES;
				CLANG_ANALYZER_NONNULL = YES;
				CLANG_ANALYZER_NUMBER_OBJECT_CONVERSION = YES_AGGRESSIVE;
				CLANG_CXX_LANGUAGE_STANDARD = "gnu++20";
				CLANG_ENABLE_MODULES = YES;
				CLANG_ENABLE_OBJC_ARC = YES;
				CLANG_ENABLE_OBJC_WEAK = YES;
				CLANG_WARN_BLOCK_CAPTURE_AUTORELEASING = YES;
				CLANG_WARN_BOOL_CONVERSION = YES;
				CLANG_WARN_COMMA = YES;
				CLANG_WARN_CONSTANT_CONVERSION = YES;
				CLANG_WARN_DEPRECATED_OBJC_IMPLEMENTATIONS = YES;
				CLANG_WARN_DIRECT_OBJC_ISA_USAGE = YES_ERROR;
				CLANG_WARN_DOCUMENTATION_COMMENTS = YES;
				CLANG_WARN_EMPTY_BODY = YES;
				CLANG_WARN_ENUM_CONVERSION = YES;
				CLANG_WARN_INFINITE_RECURSION = YES;
				CLANG_WARN_INT_CONVERSION = YES;
				CLANG_WARN_NON_LITERAL_NULL_CONVERSION = YES;
				CLANG_WARN_OBJC_IMPLICIT_RETAIN_SELF = YES;
				CLANG_WARN_OBJC_LITERAL_CONVERSION = YES;
				CLANG_WARN_OBJC_ROOT_CLASS = YES_ERROR;
				CLANG_WARN_QUOTED_INCLUDE_IN_FRAMEWORK_HEADER = YES;
				CLANG_WARN_RANGE_LOOP_ANALYSIS = YES;
				CLANG_WARN_STRICT_PROTOTYPES = YES;
				CLANG_WARN_SUSPICIOUS_MOVE = YES;
				CLANG_WARN_UNGUARDED_AVAILABILITY = YES_AGGRESSIVE;
				CLANG_WARN_UNREACHABLE_CODE = YES;
				CLANG_WARN__DUPLICATE_METHOD_MATCH = YES;
				COPY_PHASE_STRIP = NO;
				DEBUG_INFORMATION_FORMAT = dwarf;
				ENABLE_STRICT_OBJC_MSGSEND = YES;
				ENABLE_TESTABILITY = YES;
				ENABLE_USER_SCRIPT_SANDBOXING = YES;
				GCC_C_LANGUAGE_STANDARD = gnu17;
				GCC_DYNAMIC_NO_PIC = NO;
				GCC_NO_COMMON_BLOCKS = YES;
				GCC_OPTIMIZATION_LEVEL = 0;
				GCC_PREPROCESSOR_DEFINITIONS = (
					"DEBUG=1",
					"$(inherited)",
				);
				GCC_WARN_64_TO_32_BIT_CONVERSION = YES;
				GCC_WARN_ABOUT_RETURN_TYPE = YES_ERROR;
				GCC_WARN_UNDECLARED_SELECTOR = YES;
				GCC_WARN_UNINITIALIZED_AUTOS = YES_AGGRESSIVE;
				GCC_WARN_UNUSED_FUNCTION = YES;
				GCC_WARN_UNUSED_VARIABLE = YES;
				IPHONEOS_DEPLOYMENT_TARGET = 17.4;
				LOCALIZATION_PREFERS_STRING_CATALOGS = YES;
				MTL_ENABLE_DEBUG_INFO = INCLUDE_SOURCE;
				MTL_FAST_MATH = YES;
				ONLY_ACTIVE_ARCH = YES;
				SDKROOT = iphoneos;
				SWIFT_ACTIVE_COMPILATION_CONDITIONS = "DEBUG $(inherited)";
				SWIFT_OPTIMIZATION_LEVEL = "-Onone";
			};
			name = Debug;
		};
		B598E0442BBC5A9000DF10EC /* Release */ = {
			isa = XCBuildConfiguration;
			buildSettings = {
				ALWAYS_SEARCH_USER_PATHS = NO;
				ASSETCATALOG_COMPILER_GENERATE_SWIFT_ASSET_SYMBOL_EXTENSIONS = YES;
				CLANG_ANALYZER_NONNULL = YES;
				CLANG_ANALYZER_NUMBER_OBJECT_CONVERSION = YES_AGGRESSIVE;
				CLANG_CXX_LANGUAGE_STANDARD = "gnu++20";
				CLANG_ENABLE_MODULES = YES;
				CLANG_ENABLE_OBJC_ARC = YES;
				CLANG_ENABLE_OBJC_WEAK = YES;
				CLANG_WARN_BLOCK_CAPTURE_AUTORELEASING = YES;
				CLANG_WARN_BOOL_CONVERSION = YES;
				CLANG_WARN_COMMA = YES;
				CLANG_WARN_CONSTANT_CONVERSION = YES;
				CLANG_WARN_DEPRECATED_OBJC_IMPLEMENTATIONS = YES;
				CLANG_WARN_DIRECT_OBJC_ISA_USAGE = YES_ERROR;
				CLANG_WARN_DOCUMENTATION_COMMENTS = YES;
				CLANG_WARN_EMPTY_BODY = YES;
				CLANG_WARN_ENUM_CONVERSION = YES;
				CLANG_WARN_INFINITE_RECURSION = YES;
				CLANG_WARN_INT_CONVERSION = YES;
				CLANG_WARN_NON_LITERAL_NULL_CONVERSION = YES;
				CLANG_WARN_OBJC_IMPLICIT_RETAIN_SELF = YES;
				CLANG_WARN_OBJC_LITERAL_CONVERSION = YES;
				CLANG_WARN_OBJC_ROOT_CLASS = YES_ERROR;
				CLANG_WARN_QUOTED_INCLUDE_IN_FRAMEWORK_HEADER = YES;
				CLANG_WARN_RANGE_LOOP_ANALYSIS = YES;
				CLANG_WARN_STRICT_PROTOTYPES = YES;
				CLANG_WARN_SUSPICIOUS_MOVE = YES;
				CLANG_WARN_UNGUARDED_AVAILABILITY = YES_AGGRESSIVE;
				CLANG_WARN_UNREACHABLE_CODE = YES;
				CLANG_WARN__DUPLICATE_METHOD_MATCH = YES;
				COPY_PHASE_STRIP = NO;
				DEBUG_INFORMATION_FORMAT = "dwarf-with-dsym";
				ENABLE_NS_ASSERTIONS = NO;
				ENABLE_STRICT_OBJC_MSGSEND = YES;
				ENABLE_USER_SCRIPT_SANDBOXING = YES;
				GCC_C_LANGUAGE_STANDARD = gnu17;
				GCC_NO_COMMON_BLOCKS = YES;
				GCC_WARN_64_TO_32_BIT_CONVERSION = YES;
				GCC_WARN_ABOUT_RETURN_TYPE = YES_ERROR;
				GCC_WARN_UNDECLARED_SELECTOR = YES;
				GCC_WARN_UNINITIALIZED_AUTOS = YES_AGGRESSIVE;
				GCC_WARN_UNUSED_FUNCTION = YES;
				GCC_WARN_UNUSED_VARIABLE = YES;
				IPHONEOS_DEPLOYMENT_TARGET = 17.4;
				LOCALIZATION_PREFERS_STRING_CATALOGS = YES;
				MTL_ENABLE_DEBUG_INFO = NO;
				MTL_FAST_MATH = YES;
				SDKROOT = iphoneos;
				SWIFT_COMPILATION_MODE = wholemodule;
				VALIDATE_PRODUCT = YES;
			};
			name = Release;
		};
		B598E0462BBC5A9000DF10EC /* Debug */ = {
			isa = XCBuildConfiguration;
			buildSettings = {
				ASSETCATALOG_COMPILER_APPICON_NAME = AppIcon;
				ASSETCATALOG_COMPILER_GLOBAL_ACCENT_COLOR_NAME = AccentColor;
				CODE_SIGN_STYLE = Automatic;
				CURRENT_PROJECT_VERSION = 1;
				DEVELOPMENT_ASSET_PATHS = "\"EwaAssignment/Preview Content\"";
				DEVELOPMENT_TEAM = Q3P95MDH6Q;
				ENABLE_PREVIEWS = YES;
				GENERATE_INFOPLIST_FILE = YES;
				INFOPLIST_KEY_UIApplicationSceneManifest_Generation = YES;
				INFOPLIST_KEY_UIApplicationSupportsIndirectInputEvents = YES;
				INFOPLIST_KEY_UILaunchScreen_Generation = YES;
				INFOPLIST_KEY_UISupportedInterfaceOrientations_iPad = "UIInterfaceOrientationPortrait UIInterfaceOrientationPortraitUpsideDown UIInterfaceOrientationLandscapeLeft UIInterfaceOrientationLandscapeRight";
				INFOPLIST_KEY_UISupportedInterfaceOrientations_iPhone = "UIInterfaceOrientationPortrait UIInterfaceOrientationLandscapeLeft UIInterfaceOrientationLandscapeRight";
				IPHONEOS_DEPLOYMENT_TARGET = 17.1;
				LD_RUNPATH_SEARCH_PATHS = (
					"$(inherited)",
					"@executable_path/Frameworks",
				);
				MARKETING_VERSION = 1.0;
				PRODUCT_BUNDLE_IDENTIFIER = com.maksimMitrofanov.EwaAssignment;
				PRODUCT_NAME = "$(TARGET_NAME)";
				SWIFT_EMIT_LOC_STRINGS = YES;
				SWIFT_VERSION = 5.0;
				TARGETED_DEVICE_FAMILY = "1,2";
			};
			name = Debug;
		};
		B598E0472BBC5A9000DF10EC /* Release */ = {
			isa = XCBuildConfiguration;
			buildSettings = {
				ASSETCATALOG_COMPILER_APPICON_NAME = AppIcon;
				ASSETCATALOG_COMPILER_GLOBAL_ACCENT_COLOR_NAME = AccentColor;
				CODE_SIGN_STYLE = Automatic;
				CURRENT_PROJECT_VERSION = 1;
				DEVELOPMENT_ASSET_PATHS = "\"EwaAssignment/Preview Content\"";
				DEVELOPMENT_TEAM = Q3P95MDH6Q;
				ENABLE_PREVIEWS = YES;
				GENERATE_INFOPLIST_FILE = YES;
				INFOPLIST_KEY_UIApplicationSceneManifest_Generation = YES;
				INFOPLIST_KEY_UIApplicationSupportsIndirectInputEvents = YES;
				INFOPLIST_KEY_UILaunchScreen_Generation = YES;
				INFOPLIST_KEY_UISupportedInterfaceOrientations_iPad = "UIInterfaceOrientationPortrait UIInterfaceOrientationPortraitUpsideDown UIInterfaceOrientationLandscapeLeft UIInterfaceOrientationLandscapeRight";
				INFOPLIST_KEY_UISupportedInterfaceOrientations_iPhone = "UIInterfaceOrientationPortrait UIInterfaceOrientationLandscapeLeft UIInterfaceOrientationLandscapeRight";
				IPHONEOS_DEPLOYMENT_TARGET = 17.1;
				LD_RUNPATH_SEARCH_PATHS = (
					"$(inherited)",
					"@executable_path/Frameworks",
				);
				MARKETING_VERSION = 1.0;
				PRODUCT_BUNDLE_IDENTIFIER = com.maksimMitrofanov.EwaAssignment;
				PRODUCT_NAME = "$(TARGET_NAME)";
				SWIFT_EMIT_LOC_STRINGS = YES;
				SWIFT_VERSION = 5.0;
				TARGETED_DEVICE_FAMILY = "1,2";
			};
			name = Release;
		};
/* End XCBuildConfiguration section */

/* Begin XCConfigurationList section */
		B54FC3222BBFF45600E07838 /* Build configuration list for PBXNativeTarget "EwaAssignmentBasicsTests" */ = {
			isa = XCConfigurationList;
			buildConfigurations = (
				B54FC3232BBFF45600E07838 /* Debug */,
				B54FC3242BBFF45600E07838 /* Release */,
			);
			defaultConfigurationIsVisible = 0;
			defaultConfigurationName = Release;
		};
		B598E0322BBC5A9000DF10EC /* Build configuration list for PBXProject "EwaAssignment" */ = {
			isa = XCConfigurationList;
			buildConfigurations = (
				B598E0432BBC5A9000DF10EC /* Debug */,
				B598E0442BBC5A9000DF10EC /* Release */,
			);
			defaultConfigurationIsVisible = 0;
			defaultConfigurationName = Release;
		};
		B598E0452BBC5A9000DF10EC /* Build configuration list for PBXNativeTarget "EwaAssignment" */ = {
			isa = XCConfigurationList;
			buildConfigurations = (
				B598E0462BBC5A9000DF10EC /* Debug */,
				B598E0472BBC5A9000DF10EC /* Release */,
			);
			defaultConfigurationIsVisible = 0;
			defaultConfigurationName = Release;
		};
/* End XCConfigurationList section */

/* Begin XCRemoteSwiftPackageReference section */
		B5075C2A2BBF4CA10045F192 /* XCRemoteSwiftPackageReference "ConfettiSwiftUI" */ = {
			isa = XCRemoteSwiftPackageReference;
			repositoryURL = "https://github.com/simibac/ConfettiSwiftUI.git";
			requirement = {
				kind = upToNextMajorVersion;
				minimumVersion = 1.1.0;
			};
		};
		B54009E82BBD743800563279 /* XCRemoteSwiftPackageReference "SFSymbolsMacro" */ = {
			isa = XCRemoteSwiftPackageReference;
			repositoryURL = "https://github.com/lukepistrol/SFSymbolsMacro.git";
			requirement = {
				kind = upToNextMajorVersion;
				minimumVersion = 0.5.2;
			};
		};
/* End XCRemoteSwiftPackageReference section */

/* Begin XCSwiftPackageProductDependency section */
		B54FC3122BBFEF5900E07838 /* ConfettiSwiftUI */ = {
			isa = XCSwiftPackageProductDependency;
			package = B5075C2A2BBF4CA10045F192 /* XCRemoteSwiftPackageReference "ConfettiSwiftUI" */;
			productName = ConfettiSwiftUI;
		};
		B54FC3142BBFEF6000E07838 /* SFSymbolsMacro */ = {
			isa = XCSwiftPackageProductDependency;
			package = B54009E82BBD743800563279 /* XCRemoteSwiftPackageReference "SFSymbolsMacro" */;
			productName = SFSymbolsMacro;
		};
/* End XCSwiftPackageProductDependency section */
	};
	rootObject = B598E02F2BBC5A8F00DF10EC /* Project object */;
}
