{
  "originHash" : "d29d5cd1e86078a6b13c66cbfac1dd9e4edd9222db41b96ade2f6865a45c199f",
  "pins" : [
    {
      "identity" : "confettiswiftui",
      "kind" : "remoteSourceControl",
      "location" : "https://github.com/simibac/ConfettiSwiftUI.git",
      "state" : {
        "revision" : "f45961f97bbae6fff6e2e64546fea0189425ad92",
        "version" : "1.1.0"
      }
    },
    {
      "identity" : "sfsymbolsmacro",
      "kind" : "remoteSourceControl",
      "location" : "https://github.com/lukepistrol/SFSymbolsMacro.git",
      "state" : {
        "revision" : "e7d45d4f9d193f73de5533ab596e4684ef3b2189",
        "version" : "0.5.2"
      }
    },
    {
      "identity" : "swift-syntax",
      "kind" : "remoteSourceControl",
      "location" : "https://github.com/apple/swift-syntax.git",
      "state" : {
        "revision" : "64889f0c732f210a935a0ad7cda38f77f876262d",
        "version" : "509.1.1"
      }
    }
  ],
  "version" : 3
}
